
Microsoft Visual Studio Solution File, Format Version 12.00
# Visual Studio Version 16
VisualStudioVersion = 16.0.31729.503
MinimumVisualStudioVersion = 10.0.40219.1
Project("{9A19103F-16F7-4668-BE54-9A1E7A4F7556}") = "DrX", "DrX\DrX.csproj", "{2A674946-2FE5-434D-9964-CE32238E0467}"
EndProject
Project("{9A19103F-16F7-4668-BE54-9A1E7A4F7556}") = "DrX_Tests", "DrX_Tests\DrX_Tests.csproj", "{0C0773E8-5E98-42FF-AA02-73538F304B9B}"
EndProject
Global
	GlobalSection(SolutionConfigurationPlatforms) = preSolution
		Debug|Any CPU = Debug|Any CPU
		Release|Any CPU = Release|Any CPU
	EndGlobalSection
	GlobalSection(ProjectConfigurationPlatforms) = postSolution
		{2A674946-2FE5-434D-9964-CE32238E0467}.Debug|Any CPU.ActiveCfg = Debug|Any CPU
		{2A674946-2FE5-434D-9964-CE32238E0467}.Debug|Any CPU.Build.0 = Debug|Any CPU
		{2A674946-2FE5-434D-9964-CE32238E0467}.Release|Any CPU.ActiveCfg = Release|Any CPU
		{2A674946-2FE5-434D-9964-CE32238E0467}.Release|Any CPU.Build.0 = Release|Any CPU
		{0C0773E8-5E98-42FF-AA02-73538F304B9B}.Debug|Any CPU.ActiveCfg = Debug|Any CPU
		{0C0773E8-5E98-42FF-AA02-73538F304B9B}.Debug|Any CPU.Build.0 = Debug|Any CPU
		{0C0773E8-5E98-42FF-AA02-73538F304B9B}.Release|Any CPU.ActiveCfg = Release|Any CPU
		{0C0773E8-5E98-42FF-AA02-73538F304B9B}.Release|Any CPU.Build.0 = Release|Any CPU
	EndGlobalSection
	GlobalSection(SolutionProperties) = preSolution
		HideSolutionNode = FALSE
	EndGlobalSection
	GlobalSection(ExtensibilityGlobals) = postSolution
		SolutionGuid = {30D9071D-5173-4FDB-8EAD-9DE780E17EF7}
	EndGlobalSection
EndGlobal
